
Microsoft Visual Studio Solution File, Format Version 12.00
# Visual Studio 14
VisualStudioVersion = 14.0.25420.1
MinimumVisualStudioVersion = 10.0.40219.1
Project("{FAE04EC0-301F-11D3-BF4B-00C04F79EFBC}") = "ContosoUniversity", "ContosoUniversity\ContosoUniversity.csproj", "{2BCD2CD5-D1AB-4139-9C55-59E3AB641EE5}"
EndProject
Project("{FAE04EC0-301F-11D3-BF4B-00C04F79EFBC}") = "SpecFlow", "SpecFlow\SpecFlow.csproj", "{EC830953-D85A-4EAC-8218-8439073C609F}"
EndProject
Global
	GlobalSection(SolutionConfigurationPlatforms) = preSolution
		Debug|Any CPU = Debug|Any CPU
		Release|Any CPU = Release|Any CPU
	EndGlobalSection
	GlobalSection(ProjectConfigurationPlatforms) = postSolution
		{2BCD2CD5-D1AB-4139-9C55-59E3AB641EE5}.Debug|Any CPU.ActiveCfg = Debug|Any CPU
		{2BCD2CD5-D1AB-4139-9C55-59E3AB641EE5}.Debug|Any CPU.Build.0 = Debug|Any CPU
		{2BCD2CD5-D1AB-4139-9C55-59E3AB641EE5}.Release|Any CPU.ActiveCfg = Release|Any CPU
		{2BCD2CD5-D1AB-4139-9C55-59E3AB641EE5}.Release|Any CPU.Build.0 = Release|Any CPU
		{EC830953-D85A-4EAC-8218-8439073C609F}.Debug|Any CPU.ActiveCfg = Debug|Any CPU
		{EC830953-D85A-4EAC-8218-8439073C609F}.Debug|Any CPU.Build.0 = Debug|Any CPU
		{EC830953-D85A-4EAC-8218-8439073C609F}.Release|Any CPU.ActiveCfg = Release|Any CPU
		{EC830953-D85A-4EAC-8218-8439073C609F}.Release|Any CPU.Build.0 = Release|Any CPU
	EndGlobalSection
	GlobalSection(SolutionProperties) = preSolution
		HideSolutionNode = FALSE
	EndGlobalSection
EndGlobal
